
Microsoft Visual Studio Solution File, Format Version 12.00
# Visual Studio 2013
VisualStudioVersion = 12.0.40629.0
MinimumVisualStudioVersion = 10.0.40219.1
Project("{FAE04EC0-301F-11D3-BF4B-00C04F79EFBC}") = "Site", "asp.net-admin-site-template\Site.csproj", "{B94956A1-FC34-4829-B165-F247E592DD92}"
EndProject
Project("{FAE04EC0-301F-11D3-BF4B-00C04F79EFBC}") = "Admin", "Admin\Admin.csproj", "{49590A55-DD39-4461-BC4C-E514CB6829FD}"
EndProject
Project("{2150E333-8FDC-42A3-9474-1A3956D46DE8}") = "Presentation", "Presentation", "{528BE62F-1975-4BF1-BE89-1610CAA9B34F}"
EndProject
Project("{2150E333-8FDC-42A3-9474-1A3956D46DE8}") = "Data", "Data", "{F0377E24-1C7D-4BBF-859F-DA59F9FFF8EF}"
EndProject
Project("{FAE04EC0-301F-11D3-BF4B-00C04F79EFBC}") = "Model", "Model\Model.csproj", "{0D51C219-5BDF-4AB5-B7D2-26224E7063B5}"
EndProject
Global
	GlobalSection(SolutionConfigurationPlatforms) = preSolution
		Debug|Any CPU = Debug|Any CPU
		Release|Any CPU = Release|Any CPU
	EndGlobalSection
	GlobalSection(ProjectConfigurationPlatforms) = postSolution
		{B94956A1-FC34-4829-B165-F247E592DD92}.Debug|Any CPU.ActiveCfg = Debug|Any CPU
		{B94956A1-FC34-4829-B165-F247E592DD92}.Debug|Any CPU.Build.0 = Debug|Any CPU
		{B94956A1-FC34-4829-B165-F247E592DD92}.Release|Any CPU.ActiveCfg = Release|Any CPU
		{B94956A1-FC34-4829-B165-F247E592DD92}.Release|Any CPU.Build.0 = Release|Any CPU
		{49590A55-DD39-4461-BC4C-E514CB6829FD}.Debug|Any CPU.ActiveCfg = Debug|Any CPU
		{49590A55-DD39-4461-BC4C-E514CB6829FD}.Debug|Any CPU.Build.0 = Debug|Any CPU
		{49590A55-DD39-4461-BC4C-E514CB6829FD}.Release|Any CPU.ActiveCfg = Release|Any CPU
		{49590A55-DD39-4461-BC4C-E514CB6829FD}.Release|Any CPU.Build.0 = Release|Any CPU
		{0D51C219-5BDF-4AB5-B7D2-26224E7063B5}.Debug|Any CPU.ActiveCfg = Debug|Any CPU
		{0D51C219-5BDF-4AB5-B7D2-26224E7063B5}.Debug|Any CPU.Build.0 = Debug|Any CPU
		{0D51C219-5BDF-4AB5-B7D2-26224E7063B5}.Release|Any CPU.ActiveCfg = Release|Any CPU
		{0D51C219-5BDF-4AB5-B7D2-26224E7063B5}.Release|Any CPU.Build.0 = Release|Any CPU
	EndGlobalSection
	GlobalSection(SolutionProperties) = preSolution
		HideSolutionNode = FALSE
	EndGlobalSection
	GlobalSection(NestedProjects) = preSolution
		{B94956A1-FC34-4829-B165-F247E592DD92} = {528BE62F-1975-4BF1-BE89-1610CAA9B34F}
		{49590A55-DD39-4461-BC4C-E514CB6829FD} = {528BE62F-1975-4BF1-BE89-1610CAA9B34F}
		{0D51C219-5BDF-4AB5-B7D2-26224E7063B5} = {F0377E24-1C7D-4BBF-859F-DA59F9FFF8EF}
	EndGlobalSection
EndGlobal
